
Microsoft Visual Studio Solution File, Format Version 12.00
# Visual Studio Version 17
VisualStudioVersion = 17.9.34728.123
MinimumVisualStudioVersion = 10.0.40219.1
Project("{9A19103F-16F7-4668-BE54-9A1E7A4F7556}") = "IntersectionFinder.API", "IntersectionFinder.API\IntersectionFinder.API.csproj", "{12A1C5D5-384E-49AE-A608-ABA70889F149}"
EndProject
Project("{2150E333-8FDC-42A3-9474-1A3956D46DE8}") = "src", "src", "{48D3A647-A459-4DA8-BAD1-633BC9FC892F}"
EndProject
Project("{9A19103F-16F7-4668-BE54-9A1E7A4F7556}") = "IntersectionFinder.Domain", "IntersectionFinder.Domain\IntersectionFinder.Domain.csproj", "{BCD219DE-E619-41F9-91FD-246B966FA9D8}"
EndProject
Project("{9A19103F-16F7-4668-BE54-9A1E7A4F7556}") = "IntersectionFinder.Infrastructure", "IntersectionFinder.Infrastructure\IntersectionFinder.Infrastructure.csproj", "{80AFF8E1-1DD1-4C2F-B22D-B328BE81C443}"
EndProject
Project("{FAE04EC0-301F-11D3-BF4B-00C04F79EFBC}") = "IntersectionFinder.Application", "IntersectionFinder.Application\IntersectionFinder.Application.csproj", "{23A45874-E0F3-4D97-B9FB-C8239952450D}"
EndProject
Global
	GlobalSection(SolutionConfigurationPlatforms) = preSolution
		Debug|Any CPU = Debug|Any CPU
		Release|Any CPU = Release|Any CPU
	EndGlobalSection
	GlobalSection(ProjectConfigurationPlatforms) = postSolution
		{12A1C5D5-384E-49AE-A608-ABA70889F149}.Debug|Any CPU.ActiveCfg = Debug|Any CPU
		{12A1C5D5-384E-49AE-A608-ABA70889F149}.Debug|Any CPU.Build.0 = Debug|Any CPU
		{12A1C5D5-384E-49AE-A608-ABA70889F149}.Release|Any CPU.ActiveCfg = Release|Any CPU
		{12A1C5D5-384E-49AE-A608-ABA70889F149}.Release|Any CPU.Build.0 = Release|Any CPU
		{BCD219DE-E619-41F9-91FD-246B966FA9D8}.Debug|Any CPU.ActiveCfg = Debug|Any CPU
		{BCD219DE-E619-41F9-91FD-246B966FA9D8}.Debug|Any CPU.Build.0 = Debug|Any CPU
		{BCD219DE-E619-41F9-91FD-246B966FA9D8}.Release|Any CPU.ActiveCfg = Release|Any CPU
		{BCD219DE-E619-41F9-91FD-246B966FA9D8}.Release|Any CPU.Build.0 = Release|Any CPU
		{80AFF8E1-1DD1-4C2F-B22D-B328BE81C443}.Debug|Any CPU.ActiveCfg = Debug|Any CPU
		{80AFF8E1-1DD1-4C2F-B22D-B328BE81C443}.Debug|Any CPU.Build.0 = Debug|Any CPU
		{80AFF8E1-1DD1-4C2F-B22D-B328BE81C443}.Release|Any CPU.ActiveCfg = Release|Any CPU
		{80AFF8E1-1DD1-4C2F-B22D-B328BE81C443}.Release|Any CPU.Build.0 = Release|Any CPU
		{23A45874-E0F3-4D97-B9FB-C8239952450D}.Debug|Any CPU.ActiveCfg = Debug|Any CPU
		{23A45874-E0F3-4D97-B9FB-C8239952450D}.Debug|Any CPU.Build.0 = Debug|Any CPU
		{23A45874-E0F3-4D97-B9FB-C8239952450D}.Release|Any CPU.ActiveCfg = Release|Any CPU
		{23A45874-E0F3-4D97-B9FB-C8239952450D}.Release|Any CPU.Build.0 = Release|Any CPU
	EndGlobalSection
	GlobalSection(SolutionProperties) = preSolution
		HideSolutionNode = FALSE
	EndGlobalSection
	GlobalSection(NestedProjects) = preSolution
		{12A1C5D5-384E-49AE-A608-ABA70889F149} = {48D3A647-A459-4DA8-BAD1-633BC9FC892F}
		{BCD219DE-E619-41F9-91FD-246B966FA9D8} = {48D3A647-A459-4DA8-BAD1-633BC9FC892F}
		{80AFF8E1-1DD1-4C2F-B22D-B328BE81C443} = {48D3A647-A459-4DA8-BAD1-633BC9FC892F}
		{23A45874-E0F3-4D97-B9FB-C8239952450D} = {48D3A647-A459-4DA8-BAD1-633BC9FC892F}
	EndGlobalSection
	GlobalSection(ExtensibilityGlobals) = postSolution
		SolutionGuid = {89FFFACC-46EF-45E3-A61C-C431369FA39E}
	EndGlobalSection
EndGlobal
